
Microsoft Visual Studio Solution File, Format Version 12.00
# Visual Studio Version 17
VisualStudioVersion = 17.8.34525.116
MinimumVisualStudioVersion = 10.0.40219.1
Project("{9A19103F-16F7-4668-BE54-9A1E7A4F7556}") = "Numberlink", "NumberlinkCS\Numberlink.csproj", "{F8325AD3-D0E7-4860-9E06-D44FE457DF63}"
EndProject
Project("{9A19103F-16F7-4668-BE54-9A1E7A4F7556}") = "Tests", "Tests\Tests.csproj", "{2F01C46D-C385-4AF4-9573-91A3B392FE7E}"
EndProject
Project("{FAE04EC0-301F-11D3-BF4B-00C04F79EFBC}") = "Interface", "Interface\Interface.csproj", "{66D0E87B-54AA-4701-906E-1C08213FA041}"
EndProject
Global
	GlobalSection(SolutionConfigurationPlatforms) = preSolution
		Debug|Any CPU = Debug|Any CPU
		Release|Any CPU = Release|Any CPU
	EndGlobalSection
	GlobalSection(ProjectConfigurationPlatforms) = postSolution
		{F8325AD3-D0E7-4860-9E06-D44FE457DF63}.Debug|Any CPU.ActiveCfg = Debug|Any CPU
		{F8325AD3-D0E7-4860-9E06-D44FE457DF63}.Debug|Any CPU.Build.0 = Debug|Any CPU
		{F8325AD3-D0E7-4860-9E06-D44FE457DF63}.Release|Any CPU.ActiveCfg = Release|Any CPU
		{F8325AD3-D0E7-4860-9E06-D44FE457DF63}.Release|Any CPU.Build.0 = Release|Any CPU
		{2F01C46D-C385-4AF4-9573-91A3B392FE7E}.Debug|Any CPU.ActiveCfg = Debug|Any CPU
		{2F01C46D-C385-4AF4-9573-91A3B392FE7E}.Debug|Any CPU.Build.0 = Debug|Any CPU
		{2F01C46D-C385-4AF4-9573-91A3B392FE7E}.Release|Any CPU.ActiveCfg = Release|Any CPU
		{2F01C46D-C385-4AF4-9573-91A3B392FE7E}.Release|Any CPU.Build.0 = Release|Any CPU
		{66D0E87B-54AA-4701-906E-1C08213FA041}.Debug|Any CPU.ActiveCfg = Debug|Any CPU
		{66D0E87B-54AA-4701-906E-1C08213FA041}.Debug|Any CPU.Build.0 = Debug|Any CPU
		{66D0E87B-54AA-4701-906E-1C08213FA041}.Release|Any CPU.ActiveCfg = Release|Any CPU
		{66D0E87B-54AA-4701-906E-1C08213FA041}.Release|Any CPU.Build.0 = Release|Any CPU
	EndGlobalSection
	GlobalSection(SolutionProperties) = preSolution
		HideSolutionNode = FALSE
	EndGlobalSection
	GlobalSection(ExtensibilityGlobals) = postSolution
		SolutionGuid = {BF297867-FE86-49E1-B1BE-6183BF297A0E}
	EndGlobalSection
EndGlobal
